
Microsoft Visual Studio Solution File, Format Version 12.00
# Visual Studio 2012
Project("{FAE04EC0-301F-11D3-BF4B-00C04F79EFBC}") = "ElHocicon", "ElHocicon\ElHocicon.csproj", "{BCBE0BC6-D861-4BD5-82A2-2E5618FBC293}"
EndProject
Project("{FAE04EC0-301F-11D3-BF4B-00C04F79EFBC}") = "ElHocicon.Test", "ElHocicon.Test\ElHocicon.Test.csproj", "{810E11CA-89A6-4AB3-AB70-58D201FC20D8}"
EndProject
Global
	GlobalSection(SolutionConfigurationPlatforms) = preSolution
		Debug|Any CPU = Debug|Any CPU
		Release|Any CPU = Release|Any CPU
	EndGlobalSection
	GlobalSection(ProjectConfigurationPlatforms) = postSolution
		{BCBE0BC6-D861-4BD5-82A2-2E5618FBC293}.Debug|Any CPU.ActiveCfg = Debug|Any CPU
		{BCBE0BC6-D861-4BD5-82A2-2E5618FBC293}.Debug|Any CPU.Build.0 = Debug|Any CPU
		{BCBE0BC6-D861-4BD5-82A2-2E5618FBC293}.Release|Any CPU.ActiveCfg = Release|Any CPU
		{BCBE0BC6-D861-4BD5-82A2-2E5618FBC293}.Release|Any CPU.Build.0 = Release|Any CPU
		{810E11CA-89A6-4AB3-AB70-58D201FC20D8}.Debug|Any CPU.ActiveCfg = Debug|Any CPU
		{810E11CA-89A6-4AB3-AB70-58D201FC20D8}.Debug|Any CPU.Build.0 = Debug|Any CPU
		{810E11CA-89A6-4AB3-AB70-58D201FC20D8}.Release|Any CPU.ActiveCfg = Release|Any CPU
		{810E11CA-89A6-4AB3-AB70-58D201FC20D8}.Release|Any CPU.Build.0 = Release|Any CPU
	EndGlobalSection
	GlobalSection(SolutionProperties) = preSolution
		HideSolutionNode = FALSE
	EndGlobalSection
EndGlobal
